
Microsoft Visual Studio Solution File, Format Version 12.00
# Visual Studio Version 17
VisualStudioVersion = 17.3.32922.545
MinimumVisualStudioVersion = 10.0.40219.1
Project("{FAE04EC0-301F-11D3-BF4B-00C04F79EFBC}") = "Projekt", "Projekt\Projekt.csproj", "{A8433A1B-8BCD-45FD-AE71-4928D841B77D}"
EndProject
Project("{2150E333-8FDC-42A3-9474-1A3956D46DE8}") = "Solution Items", "Solution Items", "{AD0D0978-A18C-45E8-8C07-894CA0981068}"
	ProjectSection(SolutionItems) = preProject
		Class1.cs = Class1.cs
	EndProjectSection
EndProject
Global
	GlobalSection(SolutionConfigurationPlatforms) = preSolution
		Debug|Any CPU = Debug|Any CPU
		Release|Any CPU = Release|Any CPU
	EndGlobalSection
	GlobalSection(ProjectConfigurationPlatforms) = postSolution
		{A8433A1B-8BCD-45FD-AE71-4928D841B77D}.Debug|Any CPU.ActiveCfg = Debug|Any CPU
		{A8433A1B-8BCD-45FD-AE71-4928D841B77D}.Debug|Any CPU.Build.0 = Debug|Any CPU
		{A8433A1B-8BCD-45FD-AE71-4928D841B77D}.Release|Any CPU.ActiveCfg = Release|Any CPU
		{A8433A1B-8BCD-45FD-AE71-4928D841B77D}.Release|Any CPU.Build.0 = Release|Any CPU
	EndGlobalSection
	GlobalSection(SolutionProperties) = preSolution
		HideSolutionNode = FALSE
	EndGlobalSection
	GlobalSection(ExtensibilityGlobals) = postSolution
		SolutionGuid = {F7987F16-89FC-4D50-B925-ACD7E06DB9CA}
	EndGlobalSection
EndGlobal
